
Microsoft Visual Studio Solution File, Format Version 12.00
# Visual Studio Version 16
VisualStudioVersion = 16.0.31205.134
MinimumVisualStudioVersion = 10.0.40219.1
Project("{FAE04EC0-301F-11D3-BF4B-00C04F79EFBC}") = "ejerciciosConArray", "ejerciciosConArray\ejerciciosConArray.csproj", "{FCF622DC-E127-48AB-8F1E-0DAB9CE32802}"
EndProject
Global
	GlobalSection(SolutionConfigurationPlatforms) = preSolution
		Debug|Any CPU = Debug|Any CPU
		Release|Any CPU = Release|Any CPU
	EndGlobalSection
	GlobalSection(ProjectConfigurationPlatforms) = postSolution
		{FCF622DC-E127-48AB-8F1E-0DAB9CE32802}.Debug|Any CPU.ActiveCfg = Debug|Any CPU
		{FCF622DC-E127-48AB-8F1E-0DAB9CE32802}.Debug|Any CPU.Build.0 = Debug|Any CPU
		{FCF622DC-E127-48AB-8F1E-0DAB9CE32802}.Release|Any CPU.ActiveCfg = Release|Any CPU
		{FCF622DC-E127-48AB-8F1E-0DAB9CE32802}.Release|Any CPU.Build.0 = Release|Any CPU
	EndGlobalSection
	GlobalSection(SolutionProperties) = preSolution
		HideSolutionNode = FALSE
	EndGlobalSection
	GlobalSection(ExtensibilityGlobals) = postSolution
		SolutionGuid = {FE0DDE5E-8F87-4C95-83E2-8919E5F6FC36}
	EndGlobalSection
EndGlobal
